
Microsoft Visual Studio Solution File, Format Version 12.00
# Visual Studio Version 16
VisualStudioVersion = 16.0.30709.132
MinimumVisualStudioVersion = 10.0.40219.1
Project("{FAE04EC0-301F-11D3-BF4B-00C04F79EFBC}") = "GitUnitTestDemo", "GitUnitTestDemo\GitUnitTestDemo.csproj", "{8D499F03-6480-4953-8ADD-7D10D15A9725}"
EndProject
Global
	GlobalSection(SolutionConfigurationPlatforms) = preSolution
		Debug|Any CPU = Debug|Any CPU
		Release|Any CPU = Release|Any CPU
	EndGlobalSection
	GlobalSection(ProjectConfigurationPlatforms) = postSolution
		{8D499F03-6480-4953-8ADD-7D10D15A9725}.Debug|Any CPU.ActiveCfg = Debug|Any CPU
		{8D499F03-6480-4953-8ADD-7D10D15A9725}.Debug|Any CPU.Build.0 = Debug|Any CPU
		{8D499F03-6480-4953-8ADD-7D10D15A9725}.Release|Any CPU.ActiveCfg = Release|Any CPU
		{8D499F03-6480-4953-8ADD-7D10D15A9725}.Release|Any CPU.Build.0 = Release|Any CPU
	EndGlobalSection
	GlobalSection(SolutionProperties) = preSolution
		HideSolutionNode = FALSE
	EndGlobalSection
	GlobalSection(ExtensibilityGlobals) = postSolution
		SolutionGuid = {B2C61ECC-704F-4864-8B4A-6C9EA17CCC42}
	EndGlobalSection
EndGlobal
